
Microsoft Visual Studio Solution File, Format Version 12.00
# Visual Studio 15
VisualStudioVersion = 15.0.28307.757
MinimumVisualStudioVersion = 10.0.40219.1
Project("{FAE04EC0-301F-11D3-BF4B-00C04F79EFBC}") = "ChromaWave", "ChromaWave\ChromaWave.csproj", "{0581209E-E566-41A2-A2D2-371F2DE3C4E6}"
EndProject
Project("{FAE04EC0-301F-11D3-BF4B-00C04F79EFBC}") = "ChromaWave.Module.Razer", "ChromaWave.Module.Razer\ChromaWave.Module.Razer.csproj", "{5F2E3487-4D22-4A72-BC50-F2E2F5644055}"
EndProject
Project("{D954291E-2A0B-460D-934E-DC6B0785DB48}") = "ChromaWave.Module", "ChromaWave.Module\ChromaWave.Module.shproj", "{A79EBDA3-60EC-4A78-BE72-2DB5C24AB7DB}"
EndProject
Global
	GlobalSection(SharedMSBuildProjectFiles) = preSolution
		ChromaWave.Module\ChromaWave.Module.projitems*{5f2e3487-4d22-4a72-bc50-f2e2f5644055}*SharedItemsImports = 4
		ChromaWave.Module\ChromaWave.Module.projitems*{a79ebda3-60ec-4a78-be72-2db5c24ab7db}*SharedItemsImports = 13
	EndGlobalSection
	GlobalSection(SolutionConfigurationPlatforms) = preSolution
		Debug|Any CPU = Debug|Any CPU
		Release|Any CPU = Release|Any CPU
	EndGlobalSection
	GlobalSection(ProjectConfigurationPlatforms) = postSolution
		{0581209E-E566-41A2-A2D2-371F2DE3C4E6}.Debug|Any CPU.ActiveCfg = Debug|Any CPU
		{0581209E-E566-41A2-A2D2-371F2DE3C4E6}.Debug|Any CPU.Build.0 = Debug|Any CPU
		{0581209E-E566-41A2-A2D2-371F2DE3C4E6}.Release|Any CPU.ActiveCfg = Release|Any CPU
		{0581209E-E566-41A2-A2D2-371F2DE3C4E6}.Release|Any CPU.Build.0 = Release|Any CPU
		{5F2E3487-4D22-4A72-BC50-F2E2F5644055}.Debug|Any CPU.ActiveCfg = Debug|Any CPU
		{5F2E3487-4D22-4A72-BC50-F2E2F5644055}.Debug|Any CPU.Build.0 = Debug|Any CPU
		{5F2E3487-4D22-4A72-BC50-F2E2F5644055}.Release|Any CPU.ActiveCfg = Release|Any CPU
		{5F2E3487-4D22-4A72-BC50-F2E2F5644055}.Release|Any CPU.Build.0 = Release|Any CPU
	EndGlobalSection
	GlobalSection(SolutionProperties) = preSolution
		HideSolutionNode = FALSE
	EndGlobalSection
	GlobalSection(ExtensibilityGlobals) = postSolution
		SolutionGuid = {D409798A-F689-4F03-8E1B-B7F66AA0E9E9}
	EndGlobalSection
EndGlobal
